
Microsoft Visual Studio Solution File, Format Version 12.00
# Visual Studio Version 17
VisualStudioVersion = 17.0.31612.314
MinimumVisualStudioVersion = 10.0.40219.1
Project("{9A19103F-16F7-4668-BE54-9A1E7A4F7556}") = "CleanArchMvc.Domain", "CleanArcMvc.Domain\CleanArchMvc.Domain.csproj", "{F1791EC6-A1CA-4555-8808-E0A73F6D54EA}"
EndProject
Project("{9A19103F-16F7-4668-BE54-9A1E7A4F7556}") = "CleanArchMvc.Application", "CleanArcMvc.Application\CleanArchMvc.Application.csproj", "{7EB084A7-AA1A-4BE4-88D1-6C3D295E9B50}"
EndProject
Project("{9A19103F-16F7-4668-BE54-9A1E7A4F7556}") = "CleanArchMvc.Infra.Data", "CleanArcMvc.Infra.Data\CleanArchMvc.Infra.Data.csproj", "{2E9C1A56-A1AC-44FF-8513-8F43886A0B8F}"
EndProject
Project("{9A19103F-16F7-4668-BE54-9A1E7A4F7556}") = "CleanArchMvc.Infra.IoC", "CleanArchMvc.Infra.IoC\CleanArchMvc.Infra.IoC.csproj", "{F99D477D-A7B7-4B44-80B8-2CA1BA6E0FA3}"
EndProject
Project("{9A19103F-16F7-4668-BE54-9A1E7A4F7556}") = "CleanArchMvc.WebUI", "CleanArchMvc.WebUI\CleanArchMvc.WebUI.csproj", "{C8920E09-881C-45F3-B5B9-BB35D8DA5610}"
EndProject
Project("{FAE04EC0-301F-11D3-BF4B-00C04F79EFBC}") = "CleanArchMvc.Domain.Tests", "CleanArchMvc.Domain.Tests\CleanArchMvc.Domain.Tests.csproj", "{189569DD-2F3B-48DF-A41B-6EC1209BD9CA}"
EndProject
Global
	GlobalSection(SolutionConfigurationPlatforms) = preSolution
		Debug|Any CPU = Debug|Any CPU
		Release|Any CPU = Release|Any CPU
	EndGlobalSection
	GlobalSection(ProjectConfigurationPlatforms) = postSolution
		{F1791EC6-A1CA-4555-8808-E0A73F6D54EA}.Debug|Any CPU.ActiveCfg = Debug|Any CPU
		{F1791EC6-A1CA-4555-8808-E0A73F6D54EA}.Debug|Any CPU.Build.0 = Debug|Any CPU
		{F1791EC6-A1CA-4555-8808-E0A73F6D54EA}.Release|Any CPU.ActiveCfg = Release|Any CPU
		{F1791EC6-A1CA-4555-8808-E0A73F6D54EA}.Release|Any CPU.Build.0 = Release|Any CPU
		{7EB084A7-AA1A-4BE4-88D1-6C3D295E9B50}.Debug|Any CPU.ActiveCfg = Debug|Any CPU
		{7EB084A7-AA1A-4BE4-88D1-6C3D295E9B50}.Debug|Any CPU.Build.0 = Debug|Any CPU
		{7EB084A7-AA1A-4BE4-88D1-6C3D295E9B50}.Release|Any CPU.ActiveCfg = Release|Any CPU
		{7EB084A7-AA1A-4BE4-88D1-6C3D295E9B50}.Release|Any CPU.Build.0 = Release|Any CPU
		{2E9C1A56-A1AC-44FF-8513-8F43886A0B8F}.Debug|Any CPU.ActiveCfg = Debug|Any CPU
		{2E9C1A56-A1AC-44FF-8513-8F43886A0B8F}.Debug|Any CPU.Build.0 = Debug|Any CPU
		{2E9C1A56-A1AC-44FF-8513-8F43886A0B8F}.Release|Any CPU.ActiveCfg = Release|Any CPU
		{2E9C1A56-A1AC-44FF-8513-8F43886A0B8F}.Release|Any CPU.Build.0 = Release|Any CPU
		{F99D477D-A7B7-4B44-80B8-2CA1BA6E0FA3}.Debug|Any CPU.ActiveCfg = Debug|Any CPU
		{F99D477D-A7B7-4B44-80B8-2CA1BA6E0FA3}.Debug|Any CPU.Build.0 = Debug|Any CPU
		{F99D477D-A7B7-4B44-80B8-2CA1BA6E0FA3}.Release|Any CPU.ActiveCfg = Release|Any CPU
		{F99D477D-A7B7-4B44-80B8-2CA1BA6E0FA3}.Release|Any CPU.Build.0 = Release|Any CPU
		{C8920E09-881C-45F3-B5B9-BB35D8DA5610}.Debug|Any CPU.ActiveCfg = Debug|Any CPU
		{C8920E09-881C-45F3-B5B9-BB35D8DA5610}.Debug|Any CPU.Build.0 = Debug|Any CPU
		{C8920E09-881C-45F3-B5B9-BB35D8DA5610}.Release|Any CPU.ActiveCfg = Release|Any CPU
		{C8920E09-881C-45F3-B5B9-BB35D8DA5610}.Release|Any CPU.Build.0 = Release|Any CPU
		{189569DD-2F3B-48DF-A41B-6EC1209BD9CA}.Debug|Any CPU.ActiveCfg = Debug|Any CPU
		{189569DD-2F3B-48DF-A41B-6EC1209BD9CA}.Debug|Any CPU.Build.0 = Debug|Any CPU
		{189569DD-2F3B-48DF-A41B-6EC1209BD9CA}.Release|Any CPU.ActiveCfg = Release|Any CPU
		{189569DD-2F3B-48DF-A41B-6EC1209BD9CA}.Release|Any CPU.Build.0 = Release|Any CPU
	EndGlobalSection
	GlobalSection(SolutionProperties) = preSolution
		HideSolutionNode = FALSE
	EndGlobalSection
	GlobalSection(ExtensibilityGlobals) = postSolution
		SolutionGuid = {7FB4F247-10E5-4219-B0FF-91E2610AA7CB}
	EndGlobalSection
EndGlobal
